
Microsoft Visual Studio Solution File, Format Version 12.00
# Visual Studio Version 17
VisualStudioVersion = 17.3.32825.248
MinimumVisualStudioVersion = 10.0.40219.1
Project("{FAE04EC0-301F-11D3-BF4B-00C04F79EFBC}") = "CheckIP_Core", "CheckIP_Core\CheckIP_Core.csproj", "{A07C4307-2834-4856-B4E0-B64559A5B034}"
EndProject
Project("{FAE04EC0-301F-11D3-BF4B-00C04F79EFBC}") = "CheckIP_CLI", "CheckIP_CLI\CheckIP_CLI.csproj", "{A84A1164-319A-4F43-845D-11E00C1EC2A5}"
EndProject
Global
	GlobalSection(SolutionConfigurationPlatforms) = preSolution
		Debug|Any CPU = Debug|Any CPU
		Release|Any CPU = Release|Any CPU
	EndGlobalSection
	GlobalSection(ProjectConfigurationPlatforms) = postSolution
		{A07C4307-2834-4856-B4E0-B64559A5B034}.Debug|Any CPU.ActiveCfg = Debug|Any CPU
		{A07C4307-2834-4856-B4E0-B64559A5B034}.Debug|Any CPU.Build.0 = Debug|Any CPU
		{A07C4307-2834-4856-B4E0-B64559A5B034}.Release|Any CPU.ActiveCfg = Release|Any CPU
		{A07C4307-2834-4856-B4E0-B64559A5B034}.Release|Any CPU.Build.0 = Release|Any CPU
		{A84A1164-319A-4F43-845D-11E00C1EC2A5}.Debug|Any CPU.ActiveCfg = Debug|Any CPU
		{A84A1164-319A-4F43-845D-11E00C1EC2A5}.Debug|Any CPU.Build.0 = Debug|Any CPU
		{A84A1164-319A-4F43-845D-11E00C1EC2A5}.Release|Any CPU.ActiveCfg = Release|Any CPU
		{A84A1164-319A-4F43-845D-11E00C1EC2A5}.Release|Any CPU.Build.0 = Release|Any CPU
	EndGlobalSection
	GlobalSection(SolutionProperties) = preSolution
		HideSolutionNode = FALSE
	EndGlobalSection
	GlobalSection(ExtensibilityGlobals) = postSolution
		SolutionGuid = {F91222B6-C10C-4A49-A0E7-CC56DA4C540F}
	EndGlobalSection
EndGlobal
